
Microsoft Visual Studio Solution File, Format Version 12.00
# Visual Studio 15
VisualStudioVersion = 15.0.28010.2041
MinimumVisualStudioVersion = 10.0.40219.1
Project("{FAE04EC0-301F-11D3-BF4B-00C04F79EFBC}") = "NASAGallery.Android", "NASAGallery\NASAGallery.Android\NASAGallery.Android.csproj", "{ECA03588-46D2-4C04-B8DF-F08EB426D0A2}"
EndProject
Project("{FAE04EC0-301F-11D3-BF4B-00C04F79EFBC}") = "NASAGallery.iOS", "NASAGallery\NASAGallery.iOS\NASAGallery.iOS.csproj", "{4F37F374-738B-4605-A408-3945AF5EE604}"
EndProject
Project("{FAE04EC0-301F-11D3-BF4B-00C04F79EFBC}") = "NASAGallery.UWP", "NASAGallery\NASAGallery.UWP\NASAGallery.UWP.csproj", "{18DDE1BE-5870-4322-8D31-9359402F7BCA}"
EndProject
Project("{FAE04EC0-301F-11D3-BF4B-00C04F79EFBC}") = "NASAGallery", "NASAGallery\NASAGallery\NASAGallery.csproj", "{99C3DD3F-8493-47CE-8C9C-64C3B9135913}"
EndProject
Global
	GlobalSection(SolutionConfigurationPlatforms) = preSolution
		Ad-Hoc|Any CPU = Ad-Hoc|Any CPU
		Ad-Hoc|ARM = Ad-Hoc|ARM
		Ad-Hoc|iPhone = Ad-Hoc|iPhone
		Ad-Hoc|iPhoneSimulator = Ad-Hoc|iPhoneSimulator
		Ad-Hoc|x64 = Ad-Hoc|x64
		Ad-Hoc|x86 = Ad-Hoc|x86
		AppStore|Any CPU = AppStore|Any CPU
		AppStore|ARM = AppStore|ARM
		AppStore|iPhone = AppStore|iPhone
		AppStore|iPhoneSimulator = AppStore|iPhoneSimulator
		AppStore|x64 = AppStore|x64
		AppStore|x86 = AppStore|x86
		Debug|Any CPU = Debug|Any CPU
		Debug|ARM = Debug|ARM
		Debug|iPhone = Debug|iPhone
		Debug|iPhoneSimulator = Debug|iPhoneSimulator
		Debug|x64 = Debug|x64
		Debug|x86 = Debug|x86
		Release|Any CPU = Release|Any CPU
		Release|ARM = Release|ARM
		Release|iPhone = Release|iPhone
		Release|iPhoneSimulator = Release|iPhoneSimulator
		Release|x64 = Release|x64
		Release|x86 = Release|x86
	EndGlobalSection
	GlobalSection(ProjectConfigurationPlatforms) = postSolution
		{ECA03588-46D2-4C04-B8DF-F08EB426D0A2}.Ad-Hoc|Any CPU.ActiveCfg = Release|Any CPU
		{ECA03588-46D2-4C04-B8DF-F08EB426D0A2}.Ad-Hoc|Any CPU.Build.0 = Release|Any CPU
		{ECA03588-46D2-4C04-B8DF-F08EB426D0A2}.Ad-Hoc|Any CPU.Deploy.0 = Release|Any CPU
		{ECA03588-46D2-4C04-B8DF-F08EB426D0A2}.Ad-Hoc|ARM.ActiveCfg = Release|Any CPU
		{ECA03588-46D2-4C04-B8DF-F08EB426D0A2}.Ad-Hoc|ARM.Build.0 = Release|Any CPU
		{ECA03588-46D2-4C04-B8DF-F08EB426D0A2}.Ad-Hoc|ARM.Deploy.0 = Release|Any CPU
		{ECA03588-46D2-4C04-B8DF-F08EB426D0A2}.Ad-Hoc|iPhone.ActiveCfg = Release|Any CPU
		{ECA03588-46D2-4C04-B8DF-F08EB426D0A2}.Ad-Hoc|iPhone.Build.0 = Release|Any CPU
		{ECA03588-46D2-4C04-B8DF-F08EB426D0A2}.Ad-Hoc|iPhone.Deploy.0 = Release|Any CPU
		{ECA03588-46D2-4C04-B8DF-F08EB426D0A2}.Ad-Hoc|iPhoneSimulator.ActiveCfg = Release|Any CPU
		{ECA03588-46D2-4C04-B8DF-F08EB426D0A2}.Ad-Hoc|iPhoneSimulator.Build.0 = Release|Any CPU
		{ECA03588-46D2-4C04-B8DF-F08EB426D0A2}.Ad-Hoc|iPhoneSimulator.Deploy.0 = Release|Any CPU
		{ECA03588-46D2-4C04-B8DF-F08EB426D0A2}.Ad-Hoc|x64.ActiveCfg = Release|Any CPU
		{ECA03588-46D2-4C04-B8DF-F08EB426D0A2}.Ad-Hoc|x64.Build.0 = Release|Any CPU
		{ECA03588-46D2-4C04-B8DF-F08EB426D0A2}.Ad-Hoc|x64.Deploy.0 = Release|Any CPU
		{ECA03588-46D2-4C04-B8DF-F08EB426D0A2}.Ad-Hoc|x86.ActiveCfg = Release|Any CPU
		{ECA03588-46D2-4C04-B8DF-F08EB426D0A2}.Ad-Hoc|x86.Build.0 = Release|Any CPU
		{ECA03588-46D2-4C04-B8DF-F08EB426D0A2}.Ad-Hoc|x86.Deploy.0 = Release|Any CPU
		{ECA03588-46D2-4C04-B8DF-F08EB426D0A2}.AppStore|Any CPU.ActiveCfg = Release|Any CPU
		{ECA03588-46D2-4C04-B8DF-F08EB426D0A2}.AppStore|Any CPU.Build.0 = Release|Any CPU
		{ECA03588-46D2-4C04-B8DF-F08EB426D0A2}.AppStore|Any CPU.Deploy.0 = Release|Any CPU
		{ECA03588-46D2-4C04-B8DF-F08EB426D0A2}.AppStore|ARM.ActiveCfg = Release|Any CPU
		{ECA03588-46D2-4C04-B8DF-F08EB426D0A2}.AppStore|ARM.Build.0 = Release|Any CPU
		{ECA03588-46D2-4C04-B8DF-F08EB426D0A2}.AppStore|ARM.Deploy.0 = Release|Any CPU
		{ECA03588-46D2-4C04-B8DF-F08EB426D0A2}.AppStore|iPhone.ActiveCfg = Release|Any CPU
		{ECA03588-46D2-4C04-B8DF-F08EB426D0A2}.AppStore|iPhone.Build.0 = Release|Any CPU
		{ECA03588-46D2-4C04-B8DF-F08EB426D0A2}.AppStore|iPhone.Deploy.0 = Release|Any CPU
		{ECA03588-46D2-4C04-B8DF-F08EB426D0A2}.AppStore|iPhoneSimulator.ActiveCfg = Release|Any CPU
		{ECA03588-46D2-4C04-B8DF-F08EB426D0A2}.AppStore|iPhoneSimulator.Build.0 = Release|Any CPU
		{ECA03588-46D2-4C04-B8DF-F08EB426D0A2}.AppStore|iPhoneSimulator.Deploy.0 = Release|Any CPU
		{ECA03588-46D2-4C04-B8DF-F08EB426D0A2}.AppStore|x64.ActiveCfg = Release|Any CPU
		{ECA03588-46D2-4C04-B8DF-F08EB426D0A2}.AppStore|x64.Build.0 = Release|Any CPU
		{ECA03588-46D2-4C04-B8DF-F08EB426D0A2}.AppStore|x64.Deploy.0 = Release|Any CPU
		{ECA03588-46D2-4C04-B8DF-F08EB426D0A2}.AppStore|x86.ActiveCfg = Release|Any CPU
		{ECA03588-46D2-4C04-B8DF-F08EB426D0A2}.AppStore|x86.Build.0 = Release|Any CPU
		{ECA03588-46D2-4C04-B8DF-F08EB426D0A2}.AppStore|x86.Deploy.0 = Release|Any CPU
		{ECA03588-46D2-4C04-B8DF-F08EB426D0A2}.Debug|Any CPU.ActiveCfg = Debug|Any CPU
		{ECA03588-46D2-4C04-B8DF-F08EB426D0A2}.Debug|Any CPU.Build.0 = Debug|Any CPU
		{ECA03588-46D2-4C04-B8DF-F08EB426D0A2}.Debug|Any CPU.Deploy.0 = Debug|Any CPU
		{ECA03588-46D2-4C04-B8DF-F08EB426D0A2}.Debug|ARM.ActiveCfg = Debug|Any CPU
		{ECA03588-46D2-4C04-B8DF-F08EB426D0A2}.Debug|ARM.Build.0 = Debug|Any CPU
		{ECA03588-46D2-4C04-B8DF-F08EB426D0A2}.Debug|ARM.Deploy.0 = Debug|Any CPU
		{ECA03588-46D2-4C04-B8DF-F08EB426D0A2}.Debug|iPhone.ActiveCfg = Debug|Any CPU
		{ECA03588-46D2-4C04-B8DF-F08EB426D0A2}.Debug|iPhone.Build.0 = Debug|Any CPU
		{ECA03588-46D2-4C04-B8DF-F08EB426D0A2}.Debug|iPhone.Deploy.0 = Debug|Any CPU
		{ECA03588-46D2-4C04-B8DF-F08EB426D0A2}.Debug|iPhoneSimulator.ActiveCfg = Debug|Any CPU
		{ECA03588-46D2-4C04-B8DF-F08EB426D0A2}.Debug|iPhoneSimulator.Build.0 = Debug|Any CPU
		{ECA03588-46D2-4C04-B8DF-F08EB426D0A2}.Debug|iPhoneSimulator.Deploy.0 = Debug|Any CPU
		{ECA03588-46D2-4C04-B8DF-F08EB426D0A2}.Debug|x64.ActiveCfg = Debug|Any CPU
		{ECA03588-46D2-4C04-B8DF-F08EB426D0A2}.Debug|x64.Build.0 = Debug|Any CPU
		{ECA03588-46D2-4C04-B8DF-F08EB426D0A2}.Debug|x64.Deploy.0 = Debug|Any CPU
		{ECA03588-46D2-4C04-B8DF-F08EB426D0A2}.Debug|x86.ActiveCfg = Debug|Any CPU
		{ECA03588-46D2-4C04-B8DF-F08EB426D0A2}.Debug|x86.Build.0 = Debug|Any CPU
		{ECA03588-46D2-4C04-B8DF-F08EB426D0A2}.Debug|x86.Deploy.0 = Debug|Any CPU
		{ECA03588-46D2-4C04-B8DF-F08EB426D0A2}.Release|Any CPU.ActiveCfg = Release|Any CPU
		{ECA03588-46D2-4C04-B8DF-F08EB426D0A2}.Release|Any CPU.Build.0 = Release|Any CPU
		{ECA03588-46D2-4C04-B8DF-F08EB426D0A2}.Release|Any CPU.Deploy.0 = Release|Any CPU
		{ECA03588-46D2-4C04-B8DF-F08EB426D0A2}.Release|ARM.ActiveCfg = Release|Any CPU
		{ECA03588-46D2-4C04-B8DF-F08EB426D0A2}.Release|ARM.Build.0 = Release|Any CPU
		{ECA03588-46D2-4C04-B8DF-F08EB426D0A2}.Release|ARM.Deploy.0 = Release|Any CPU
		{ECA03588-46D2-4C04-B8DF-F08EB426D0A2}.Release|iPhone.ActiveCfg = Release|Any CPU
		{ECA03588-46D2-4C04-B8DF-F08EB426D0A2}.Release|iPhone.Build.0 = Release|Any CPU
		{ECA03588-46D2-4C04-B8DF-F08EB426D0A2}.Release|iPhone.Deploy.0 = Release|Any CPU
		{ECA03588-46D2-4C04-B8DF-F08EB426D0A2}.Release|iPhoneSimulator.ActiveCfg = Release|Any CPU
		{ECA03588-46D2-4C04-B8DF-F08EB426D0A2}.Release|iPhoneSimulator.Build.0 = Release|Any CPU
		{ECA03588-46D2-4C04-B8DF-F08EB426D0A2}.Release|iPhoneSimulator.Deploy.0 = Release|Any CPU
		{ECA03588-46D2-4C04-B8DF-F08EB426D0A2}.Release|x64.ActiveCfg = Release|Any CPU
		{ECA03588-46D2-4C04-B8DF-F08EB426D0A2}.Release|x64.Build.0 = Release|Any CPU
		{ECA03588-46D2-4C04-B8DF-F08EB426D0A2}.Release|x64.Deploy.0 = Release|Any CPU
		{ECA03588-46D2-4C04-B8DF-F08EB426D0A2}.Release|x86.ActiveCfg = Release|Any CPU
		{ECA03588-46D2-4C04-B8DF-F08EB426D0A2}.Release|x86.Build.0 = Release|Any CPU
		{ECA03588-46D2-4C04-B8DF-F08EB426D0A2}.Release|x86.Deploy.0 = Release|Any CPU
		{4F37F374-738B-4605-A408-3945AF5EE604}.Ad-Hoc|Any CPU.ActiveCfg = Ad-Hoc|iPhone
		{4F37F374-738B-4605-A408-3945AF5EE604}.Ad-Hoc|Any CPU.Build.0 = Ad-Hoc|iPhone
		{4F37F374-738B-4605-A408-3945AF5EE604}.Ad-Hoc|Any CPU.Deploy.0 = Ad-Hoc|iPhone
		{4F37F374-738B-4605-A408-3945AF5EE604}.Ad-Hoc|ARM.ActiveCfg = Ad-Hoc|iPhone
		{4F37F374-738B-4605-A408-3945AF5EE604}.Ad-Hoc|ARM.Build.0 = Ad-Hoc|iPhone
		{4F37F374-738B-4605-A408-3945AF5EE604}.Ad-Hoc|ARM.Deploy.0 = Ad-Hoc|iPhone
		{4F37F374-738B-4605-A408-3945AF5EE604}.Ad-Hoc|iPhone.ActiveCfg = Ad-Hoc|iPhone
		{4F37F374-738B-4605-A408-3945AF5EE604}.Ad-Hoc|iPhone.Build.0 = Ad-Hoc|iPhone
		{4F37F374-738B-4605-A408-3945AF5EE604}.Ad-Hoc|iPhone.Deploy.0 = Ad-Hoc|iPhone
		{4F37F374-738B-4605-A408-3945AF5EE604}.Ad-Hoc|iPhoneSimulator.ActiveCfg = Ad-Hoc|iPhoneSimulator
		{4F37F374-738B-4605-A408-3945AF5EE604}.Ad-Hoc|iPhoneSimulator.Build.0 = Ad-Hoc|iPhoneSimulator
		{4F37F374-738B-4605-A408-3945AF5EE604}.Ad-Hoc|iPhoneSimulator.Deploy.0 = Ad-Hoc|iPhoneSimulator
		{4F37F374-738B-4605-A408-3945AF5EE604}.Ad-Hoc|x64.ActiveCfg = Ad-Hoc|iPhone
		{4F37F374-738B-4605-A408-3945AF5EE604}.Ad-Hoc|x64.Build.0 = Ad-Hoc|iPhone
		{4F37F374-738B-4605-A408-3945AF5EE604}.Ad-Hoc|x64.Deploy.0 = Ad-Hoc|iPhone
		{4F37F374-738B-4605-A408-3945AF5EE604}.Ad-Hoc|x86.ActiveCfg = Ad-Hoc|iPhone
		{4F37F374-738B-4605-A408-3945AF5EE604}.Ad-Hoc|x86.Build.0 = Ad-Hoc|iPhone
		{4F37F374-738B-4605-A408-3945AF5EE604}.Ad-Hoc|x86.Deploy.0 = Ad-Hoc|iPhone
		{4F37F374-738B-4605-A408-3945AF5EE604}.AppStore|Any CPU.ActiveCfg = AppStore|iPhone
		{4F37F374-738B-4605-A408-3945AF5EE604}.AppStore|Any CPU.Build.0 = AppStore|iPhone
		{4F37F374-738B-4605-A408-3945AF5EE604}.AppStore|Any CPU.Deploy.0 = AppStore|iPhone
		{4F37F374-738B-4605-A408-3945AF5EE604}.AppStore|ARM.ActiveCfg = AppStore|iPhone
		{4F37F374-738B-4605-A408-3945AF5EE604}.AppStore|ARM.Build.0 = AppStore|iPhone
		{4F37F374-738B-4605-A408-3945AF5EE604}.AppStore|ARM.Deploy.0 = AppStore|iPhone
		{4F37F374-738B-4605-A408-3945AF5EE604}.AppStore|iPhone.ActiveCfg = AppStore|iPhone
		{4F37F374-738B-4605-A408-3945AF5EE604}.AppStore|iPhone.Build.0 = AppStore|iPhone
		{4F37F374-738B-4605-A408-3945AF5EE604}.AppStore|iPhone.Deploy.0 = AppStore|iPhone
		{4F37F374-738B-4605-A408-3945AF5EE604}.AppStore|iPhoneSimulator.ActiveCfg = AppStore|iPhoneSimulator
		{4F37F374-738B-4605-A408-3945AF5EE604}.AppStore|iPhoneSimulator.Build.0 = AppStore|iPhoneSimulator
		{4F37F374-738B-4605-A408-3945AF5EE604}.AppStore|iPhoneSimulator.Deploy.0 = AppStore|iPhoneSimulator
		{4F37F374-738B-4605-A408-3945AF5EE604}.AppStore|x64.ActiveCfg = AppStore|iPhone
		{4F37F374-738B-4605-A408-3945AF5EE604}.AppStore|x64.Build.0 = AppStore|iPhone
		{4F37F374-738B-4605-A408-3945AF5EE604}.AppStore|x64.Deploy.0 = AppStore|iPhone
		{4F37F374-738B-4605-A408-3945AF5EE604}.AppStore|x86.ActiveCfg = AppStore|iPhone
		{4F37F374-738B-4605-A408-3945AF5EE604}.AppStore|x86.Build.0 = AppStore|iPhone
		{4F37F374-738B-4605-A408-3945AF5EE604}.AppStore|x86.Deploy.0 = AppStore|iPhone
		{4F37F374-738B-4605-A408-3945AF5EE604}.Debug|Any CPU.ActiveCfg = Debug|iPhoneSimulator
		{4F37F374-738B-4605-A408-3945AF5EE604}.Debug|Any CPU.Build.0 = Debug|iPhoneSimulator
		{4F37F374-738B-4605-A408-3945AF5EE604}.Debug|Any CPU.Deploy.0 = Debug|iPhoneSimulator
		{4F37F374-738B-4605-A408-3945AF5EE604}.Debug|ARM.ActiveCfg = Debug|iPhone
		{4F37F374-738B-4605-A408-3945AF5EE604}.Debug|ARM.Build.0 = Debug|iPhone
		{4F37F374-738B-4605-A408-3945AF5EE604}.Debug|ARM.Deploy.0 = Debug|iPhone
		{4F37F374-738B-4605-A408-3945AF5EE604}.Debug|iPhone.ActiveCfg = Debug|iPhone
		{4F37F374-738B-4605-A408-3945AF5EE604}.Debug|iPhone.Build.0 = Debug|iPhone
		{4F37F374-738B-4605-A408-3945AF5EE604}.Debug|iPhone.Deploy.0 = Debug|iPhone
		{4F37F374-738B-4605-A408-3945AF5EE604}.Debug|iPhoneSimulator.ActiveCfg = Debug|iPhoneSimulator
		{4F37F374-738B-4605-A408-3945AF5EE604}.Debug|iPhoneSimulator.Build.0 = Debug|iPhoneSimulator
		{4F37F374-738B-4605-A408-3945AF5EE604}.Debug|iPhoneSimulator.Deploy.0 = Debug|iPhoneSimulator
		{4F37F374-738B-4605-A408-3945AF5EE604}.Debug|x64.ActiveCfg = Debug|iPhone
		{4F37F374-738B-4605-A408-3945AF5EE604}.Debug|x64.Build.0 = Debug|iPhone
		{4F37F374-738B-4605-A408-3945AF5EE604}.Debug|x64.Deploy.0 = Debug|iPhone
		{4F37F374-738B-4605-A408-3945AF5EE604}.Debug|x86.ActiveCfg = Debug|iPhone
		{4F37F374-738B-4605-A408-3945AF5EE604}.Debug|x86.Build.0 = Debug|iPhone
		{4F37F374-738B-4605-A408-3945AF5EE604}.Debug|x86.Deploy.0 = Debug|iPhone
		{4F37F374-738B-4605-A408-3945AF5EE604}.Release|Any CPU.ActiveCfg = Release|iPhone
		{4F37F374-738B-4605-A408-3945AF5EE604}.Release|Any CPU.Build.0 = Release|iPhone
		{4F37F374-738B-4605-A408-3945AF5EE604}.Release|Any CPU.Deploy.0 = Release|iPhone
		{4F37F374-738B-4605-A408-3945AF5EE604}.Release|ARM.ActiveCfg = Release|iPhone
		{4F37F374-738B-4605-A408-3945AF5EE604}.Release|ARM.Build.0 = Release|iPhone
		{4F37F374-738B-4605-A408-3945AF5EE604}.Release|ARM.Deploy.0 = Release|iPhone
		{4F37F374-738B-4605-A408-3945AF5EE604}.Release|iPhone.ActiveCfg = Release|iPhone
		{4F37F374-738B-4605-A408-3945AF5EE604}.Release|iPhone.Build.0 = Release|iPhone
		{4F37F374-738B-4605-A408-3945AF5EE604}.Release|iPhone.Deploy.0 = Release|iPhone
		{4F37F374-738B-4605-A408-3945AF5EE604}.Release|iPhoneSimulator.ActiveCfg = Release|iPhoneSimulator
		{4F37F374-738B-4605-A408-3945AF5EE604}.Release|iPhoneSimulator.Build.0 = Release|iPhoneSimulator
		{4F37F374-738B-4605-A408-3945AF5EE604}.Release|iPhoneSimulator.Deploy.0 = Release|iPhoneSimulator
		{4F37F374-738B-4605-A408-3945AF5EE604}.Release|x64.ActiveCfg = Release|iPhone
		{4F37F374-738B-4605-A408-3945AF5EE604}.Release|x64.Build.0 = Release|iPhone
		{4F37F374-738B-4605-A408-3945AF5EE604}.Release|x64.Deploy.0 = Release|iPhone
		{4F37F374-738B-4605-A408-3945AF5EE604}.Release|x86.ActiveCfg = Release|iPhone
		{4F37F374-738B-4605-A408-3945AF5EE604}.Release|x86.Build.0 = Release|iPhone
		{4F37F374-738B-4605-A408-3945AF5EE604}.Release|x86.Deploy.0 = Release|iPhone
		{18DDE1BE-5870-4322-8D31-9359402F7BCA}.Ad-Hoc|Any CPU.ActiveCfg = Release|x86
		{18DDE1BE-5870-4322-8D31-9359402F7BCA}.Ad-Hoc|Any CPU.Build.0 = Release|x86
		{18DDE1BE-5870-4322-8D31-9359402F7BCA}.Ad-Hoc|Any CPU.Deploy.0 = Release|x86
		{18DDE1BE-5870-4322-8D31-9359402F7BCA}.Ad-Hoc|ARM.ActiveCfg = Release|ARM
		{18DDE1BE-5870-4322-8D31-9359402F7BCA}.Ad-Hoc|ARM.Build.0 = Release|ARM
		{18DDE1BE-5870-4322-8D31-9359402F7BCA}.Ad-Hoc|ARM.Deploy.0 = Release|ARM
		{18DDE1BE-5870-4322-8D31-9359402F7BCA}.Ad-Hoc|iPhone.ActiveCfg = Release|x86
		{18DDE1BE-5870-4322-8D31-9359402F7BCA}.Ad-Hoc|iPhone.Build.0 = Release|x86
		{18DDE1BE-5870-4322-8D31-9359402F7BCA}.Ad-Hoc|iPhone.Deploy.0 = Release|x86
		{18DDE1BE-5870-4322-8D31-9359402F7BCA}.Ad-Hoc|iPhoneSimulator.ActiveCfg = Release|x86
		{18DDE1BE-5870-4322-8D31-9359402F7BCA}.Ad-Hoc|iPhoneSimulator.Build.0 = Release|x86
		{18DDE1BE-5870-4322-8D31-9359402F7BCA}.Ad-Hoc|iPhoneSimulator.Deploy.0 = Release|x86
		{18DDE1BE-5870-4322-8D31-9359402F7BCA}.Ad-Hoc|x64.ActiveCfg = Release|x64
		{18DDE1BE-5870-4322-8D31-9359402F7BCA}.Ad-Hoc|x64.Build.0 = Release|x64
		{18DDE1BE-5870-4322-8D31-9359402F7BCA}.Ad-Hoc|x64.Deploy.0 = Release|x64
		{18DDE1BE-5870-4322-8D31-9359402F7BCA}.Ad-Hoc|x86.ActiveCfg = Release|x86
		{18DDE1BE-5870-4322-8D31-9359402F7BCA}.Ad-Hoc|x86.Build.0 = Release|x86
		{18DDE1BE-5870-4322-8D31-9359402F7BCA}.Ad-Hoc|x86.Deploy.0 = Release|x86
		{18DDE1BE-5870-4322-8D31-9359402F7BCA}.AppStore|Any CPU.ActiveCfg = Release|x86
		{18DDE1BE-5870-4322-8D31-9359402F7BCA}.AppStore|Any CPU.Build.0 = Release|x86
		{18DDE1BE-5870-4322-8D31-9359402F7BCA}.AppStore|Any CPU.Deploy.0 = Release|x86
		{18DDE1BE-5870-4322-8D31-9359402F7BCA}.AppStore|ARM.ActiveCfg = Release|ARM
		{18DDE1BE-5870-4322-8D31-9359402F7BCA}.AppStore|ARM.Build.0 = Release|ARM
		{18DDE1BE-5870-4322-8D31-9359402F7BCA}.AppStore|ARM.Deploy.0 = Release|ARM
		{18DDE1BE-5870-4322-8D31-9359402F7BCA}.AppStore|iPhone.ActiveCfg = Release|x86
		{18DDE1BE-5870-4322-8D31-9359402F7BCA}.AppStore|iPhone.Build.0 = Release|x86
		{18DDE1BE-5870-4322-8D31-9359402F7BCA}.AppStore|iPhone.Deploy.0 = Release|x86
		{18DDE1BE-5870-4322-8D31-9359402F7BCA}.AppStore|iPhoneSimulator.ActiveCfg = Release|x86
		{18DDE1BE-5870-4322-8D31-9359402F7BCA}.AppStore|iPhoneSimulator.Build.0 = Release|x86
		{18DDE1BE-5870-4322-8D31-9359402F7BCA}.AppStore|iPhoneSimulator.Deploy.0 = Release|x86
		{18DDE1BE-5870-4322-8D31-9359402F7BCA}.AppStore|x64.ActiveCfg = Release|x64
		{18DDE1BE-5870-4322-8D31-9359402F7BCA}.AppStore|x64.Build.0 = Release|x64
		{18DDE1BE-5870-4322-8D31-9359402F7BCA}.AppStore|x64.Deploy.0 = Release|x64
		{18DDE1BE-5870-4322-8D31-9359402F7BCA}.AppStore|x86.ActiveCfg = Release|x86
		{18DDE1BE-5870-4322-8D31-9359402F7BCA}.AppStore|x86.Build.0 = Release|x86
		{18DDE1BE-5870-4322-8D31-9359402F7BCA}.AppStore|x86.Deploy.0 = Release|x86
		{18DDE1BE-5870-4322-8D31-9359402F7BCA}.Debug|Any CPU.ActiveCfg = Debug|x86
		{18DDE1BE-5870-4322-8D31-9359402F7BCA}.Debug|Any CPU.Build.0 = Debug|x86
		{18DDE1BE-5870-4322-8D31-9359402F7BCA}.Debug|Any CPU.Deploy.0 = Debug|x86
		{18DDE1BE-5870-4322-8D31-9359402F7BCA}.Debug|ARM.ActiveCfg = Debug|ARM
		{18DDE1BE-5870-4322-8D31-9359402F7BCA}.Debug|ARM.Build.0 = Debug|ARM
		{18DDE1BE-5870-4322-8D31-9359402F7BCA}.Debug|ARM.Deploy.0 = Debug|ARM
		{18DDE1BE-5870-4322-8D31-9359402F7BCA}.Debug|iPhone.ActiveCfg = Debug|x86
		{18DDE1BE-5870-4322-8D31-9359402F7BCA}.Debug|iPhone.Build.0 = Debug|x86
		{18DDE1BE-5870-4322-8D31-9359402F7BCA}.Debug|iPhone.Deploy.0 = Debug|x86
		{18DDE1BE-5870-4322-8D31-9359402F7BCA}.Debug|iPhoneSimulator.ActiveCfg = Debug|x86
		{18DDE1BE-5870-4322-8D31-9359402F7BCA}.Debug|iPhoneSimulator.Build.0 = Debug|x86
		{18DDE1BE-5870-4322-8D31-9359402F7BCA}.Debug|iPhoneSimulator.Deploy.0 = Debug|x86
		{18DDE1BE-5870-4322-8D31-9359402F7BCA}.Debug|x64.ActiveCfg = Debug|x64
		{18DDE1BE-5870-4322-8D31-9359402F7BCA}.Debug|x64.Build.0 = Debug|x64
		{18DDE1BE-5870-4322-8D31-9359402F7BCA}.Debug|x64.Deploy.0 = Debug|x64
		{18DDE1BE-5870-4322-8D31-9359402F7BCA}.Debug|x86.ActiveCfg = Debug|x86
		{18DDE1BE-5870-4322-8D31-9359402F7BCA}.Debug|x86.Build.0 = Debug|x86
		{18DDE1BE-5870-4322-8D31-9359402F7BCA}.Debug|x86.Deploy.0 = Debug|x86
		{18DDE1BE-5870-4322-8D31-9359402F7BCA}.Release|Any CPU.ActiveCfg = Release|x86
		{18DDE1BE-5870-4322-8D31-9359402F7BCA}.Release|Any CPU.Build.0 = Release|x86
		{18DDE1BE-5870-4322-8D31-9359402F7BCA}.Release|Any CPU.Deploy.0 = Release|x86
		{18DDE1BE-5870-4322-8D31-9359402F7BCA}.Release|ARM.ActiveCfg = Release|ARM
		{18DDE1BE-5870-4322-8D31-9359402F7BCA}.Release|ARM.Build.0 = Release|ARM
		{18DDE1BE-5870-4322-8D31-9359402F7BCA}.Release|ARM.Deploy.0 = Release|ARM
		{18DDE1BE-5870-4322-8D31-9359402F7BCA}.Release|iPhone.ActiveCfg = Release|x86
		{18DDE1BE-5870-4322-8D31-9359402F7BCA}.Release|iPhone.Build.0 = Release|x86
		{18DDE1BE-5870-4322-8D31-9359402F7BCA}.Release|iPhone.Deploy.0 = Release|x86
		{18DDE1BE-5870-4322-8D31-9359402F7BCA}.Release|iPhoneSimulator.ActiveCfg = Release|x86
		{18DDE1BE-5870-4322-8D31-9359402F7BCA}.Release|iPhoneSimulator.Build.0 = Release|x86
		{18DDE1BE-5870-4322-8D31-9359402F7BCA}.Release|iPhoneSimulator.Deploy.0 = Release|x86
		{18DDE1BE-5870-4322-8D31-9359402F7BCA}.Release|x64.ActiveCfg = Release|x64
		{18DDE1BE-5870-4322-8D31-9359402F7BCA}.Release|x64.Build.0 = Release|x64
		{18DDE1BE-5870-4322-8D31-9359402F7BCA}.Release|x64.Deploy.0 = Release|x64
		{18DDE1BE-5870-4322-8D31-9359402F7BCA}.Release|x86.ActiveCfg = Release|x86
		{18DDE1BE-5870-4322-8D31-9359402F7BCA}.Release|x86.Build.0 = Release|x86
		{18DDE1BE-5870-4322-8D31-9359402F7BCA}.Release|x86.Deploy.0 = Release|x86
		{99C3DD3F-8493-47CE-8C9C-64C3B9135913}.Ad-Hoc|Any CPU.ActiveCfg = Debug|Any CPU
		{99C3DD3F-8493-47CE-8C9C-64C3B9135913}.Ad-Hoc|Any CPU.Build.0 = Debug|Any CPU
		{99C3DD3F-8493-47CE-8C9C-64C3B9135913}.Ad-Hoc|Any CPU.Deploy.0 = Debug|Any CPU
		{99C3DD3F-8493-47CE-8C9C-64C3B9135913}.Ad-Hoc|ARM.ActiveCfg = Debug|Any CPU
		{99C3DD3F-8493-47CE-8C9C-64C3B9135913}.Ad-Hoc|ARM.Build.0 = Debug|Any CPU
		{99C3DD3F-8493-47CE-8C9C-64C3B9135913}.Ad-Hoc|ARM.Deploy.0 = Debug|Any CPU
		{99C3DD3F-8493-47CE-8C9C-64C3B9135913}.Ad-Hoc|iPhone.ActiveCfg = Debug|Any CPU
		{99C3DD3F-8493-47CE-8C9C-64C3B9135913}.Ad-Hoc|iPhone.Build.0 = Debug|Any CPU
		{99C3DD3F-8493-47CE-8C9C-64C3B9135913}.Ad-Hoc|iPhone.Deploy.0 = Debug|Any CPU
		{99C3DD3F-8493-47CE-8C9C-64C3B9135913}.Ad-Hoc|iPhoneSimulator.ActiveCfg = Debug|Any CPU
		{99C3DD3F-8493-47CE-8C9C-64C3B9135913}.Ad-Hoc|iPhoneSimulator.Build.0 = Debug|Any CPU
		{99C3DD3F-8493-47CE-8C9C-64C3B9135913}.Ad-Hoc|iPhoneSimulator.Deploy.0 = Debug|Any CPU
		{99C3DD3F-8493-47CE-8C9C-64C3B9135913}.Ad-Hoc|x64.ActiveCfg = Debug|Any CPU
		{99C3DD3F-8493-47CE-8C9C-64C3B9135913}.Ad-Hoc|x64.Build.0 = Debug|Any CPU
		{99C3DD3F-8493-47CE-8C9C-64C3B9135913}.Ad-Hoc|x64.Deploy.0 = Debug|Any CPU
		{99C3DD3F-8493-47CE-8C9C-64C3B9135913}.Ad-Hoc|x86.ActiveCfg = Debug|Any CPU
		{99C3DD3F-8493-47CE-8C9C-64C3B9135913}.Ad-Hoc|x86.Build.0 = Debug|Any CPU
		{99C3DD3F-8493-47CE-8C9C-64C3B9135913}.Ad-Hoc|x86.Deploy.0 = Debug|Any CPU
		{99C3DD3F-8493-47CE-8C9C-64C3B9135913}.AppStore|Any CPU.ActiveCfg = Debug|Any CPU
		{99C3DD3F-8493-47CE-8C9C-64C3B9135913}.AppStore|Any CPU.Build.0 = Debug|Any CPU
		{99C3DD3F-8493-47CE-8C9C-64C3B9135913}.AppStore|Any CPU.Deploy.0 = Debug|Any CPU
		{99C3DD3F-8493-47CE-8C9C-64C3B9135913}.AppStore|ARM.ActiveCfg = Debug|Any CPU
		{99C3DD3F-8493-47CE-8C9C-64C3B9135913}.AppStore|ARM.Build.0 = Debug|Any CPU
		{99C3DD3F-8493-47CE-8C9C-64C3B9135913}.AppStore|ARM.Deploy.0 = Debug|Any CPU
		{99C3DD3F-8493-47CE-8C9C-64C3B9135913}.AppStore|iPhone.ActiveCfg = Debug|Any CPU
		{99C3DD3F-8493-47CE-8C9C-64C3B9135913}.AppStore|iPhone.Build.0 = Debug|Any CPU
		{99C3DD3F-8493-47CE-8C9C-64C3B9135913}.AppStore|iPhone.Deploy.0 = Debug|Any CPU
		{99C3DD3F-8493-47CE-8C9C-64C3B9135913}.AppStore|iPhoneSimulator.ActiveCfg = Debug|Any CPU
		{99C3DD3F-8493-47CE-8C9C-64C3B9135913}.AppStore|iPhoneSimulator.Build.0 = Debug|Any CPU
		{99C3DD3F-8493-47CE-8C9C-64C3B9135913}.AppStore|iPhoneSimulator.Deploy.0 = Debug|Any CPU
		{99C3DD3F-8493-47CE-8C9C-64C3B9135913}.AppStore|x64.ActiveCfg = Debug|Any CPU
		{99C3DD3F-8493-47CE-8C9C-64C3B9135913}.AppStore|x64.Build.0 = Debug|Any CPU
		{99C3DD3F-8493-47CE-8C9C-64C3B9135913}.AppStore|x64.Deploy.0 = Debug|Any CPU
		{99C3DD3F-8493-47CE-8C9C-64C3B9135913}.AppStore|x86.ActiveCfg = Debug|Any CPU
		{99C3DD3F-8493-47CE-8C9C-64C3B9135913}.AppStore|x86.Build.0 = Debug|Any CPU
		{99C3DD3F-8493-47CE-8C9C-64C3B9135913}.AppStore|x86.Deploy.0 = Debug|Any CPU
		{99C3DD3F-8493-47CE-8C9C-64C3B9135913}.Debug|Any CPU.ActiveCfg = Debug|Any CPU
		{99C3DD3F-8493-47CE-8C9C-64C3B9135913}.Debug|Any CPU.Build.0 = Debug|Any CPU
		{99C3DD3F-8493-47CE-8C9C-64C3B9135913}.Debug|Any CPU.Deploy.0 = Debug|Any CPU
		{99C3DD3F-8493-47CE-8C9C-64C3B9135913}.Debug|ARM.ActiveCfg = Debug|Any CPU
		{99C3DD3F-8493-47CE-8C9C-64C3B9135913}.Debug|ARM.Build.0 = Debug|Any CPU
		{99C3DD3F-8493-47CE-8C9C-64C3B9135913}.Debug|ARM.Deploy.0 = Debug|Any CPU
		{99C3DD3F-8493-47CE-8C9C-64C3B9135913}.Debug|iPhone.ActiveCfg = Debug|Any CPU
		{99C3DD3F-8493-47CE-8C9C-64C3B9135913}.Debug|iPhone.Build.0 = Debug|Any CPU
		{99C3DD3F-8493-47CE-8C9C-64C3B9135913}.Debug|iPhone.Deploy.0 = Debug|Any CPU
		{99C3DD3F-8493-47CE-8C9C-64C3B9135913}.Debug|iPhoneSimulator.ActiveCfg = Debug|Any CPU
		{99C3DD3F-8493-47CE-8C9C-64C3B9135913}.Debug|iPhoneSimulator.Build.0 = Debug|Any CPU
		{99C3DD3F-8493-47CE-8C9C-64C3B9135913}.Debug|iPhoneSimulator.Deploy.0 = Debug|Any CPU
		{99C3DD3F-8493-47CE-8C9C-64C3B9135913}.Debug|x64.ActiveCfg = Debug|Any CPU
		{99C3DD3F-8493-47CE-8C9C-64C3B9135913}.Debug|x64.Build.0 = Debug|Any CPU
		{99C3DD3F-8493-47CE-8C9C-64C3B9135913}.Debug|x64.Deploy.0 = Debug|Any CPU
		{99C3DD3F-8493-47CE-8C9C-64C3B9135913}.Debug|x86.ActiveCfg = Debug|Any CPU
		{99C3DD3F-8493-47CE-8C9C-64C3B9135913}.Debug|x86.Build.0 = Debug|Any CPU
		{99C3DD3F-8493-47CE-8C9C-64C3B9135913}.Debug|x86.Deploy.0 = Debug|Any CPU
		{99C3DD3F-8493-47CE-8C9C-64C3B9135913}.Release|Any CPU.ActiveCfg = Release|Any CPU
		{99C3DD3F-8493-47CE-8C9C-64C3B9135913}.Release|Any CPU.Build.0 = Release|Any CPU
		{99C3DD3F-8493-47CE-8C9C-64C3B9135913}.Release|Any CPU.Deploy.0 = Release|Any CPU
		{99C3DD3F-8493-47CE-8C9C-64C3B9135913}.Release|ARM.ActiveCfg = Release|Any CPU
		{99C3DD3F-8493-47CE-8C9C-64C3B9135913}.Release|ARM.Build.0 = Release|Any CPU
		{99C3DD3F-8493-47CE-8C9C-64C3B9135913}.Release|ARM.Deploy.0 = Release|Any CPU
		{99C3DD3F-8493-47CE-8C9C-64C3B9135913}.Release|iPhone.ActiveCfg = Release|Any CPU
		{99C3DD3F-8493-47CE-8C9C-64C3B9135913}.Release|iPhone.Build.0 = Release|Any CPU
		{99C3DD3F-8493-47CE-8C9C-64C3B9135913}.Release|iPhone.Deploy.0 = Release|Any CPU
		{99C3DD3F-8493-47CE-8C9C-64C3B9135913}.Release|iPhoneSimulator.ActiveCfg = Release|Any CPU
		{99C3DD3F-8493-47CE-8C9C-64C3B9135913}.Release|iPhoneSimulator.Build.0 = Release|Any CPU
		{99C3DD3F-8493-47CE-8C9C-64C3B9135913}.Release|iPhoneSimulator.Deploy.0 = Release|Any CPU
		{99C3DD3F-8493-47CE-8C9C-64C3B9135913}.Release|x64.ActiveCfg = Release|Any CPU
		{99C3DD3F-8493-47CE-8C9C-64C3B9135913}.Release|x64.Build.0 = Release|Any CPU
		{99C3DD3F-8493-47CE-8C9C-64C3B9135913}.Release|x64.Deploy.0 = Release|Any CPU
		{99C3DD3F-8493-47CE-8C9C-64C3B9135913}.Release|x86.ActiveCfg = Release|Any CPU
		{99C3DD3F-8493-47CE-8C9C-64C3B9135913}.Release|x86.Build.0 = Release|Any CPU
		{99C3DD3F-8493-47CE-8C9C-64C3B9135913}.Release|x86.Deploy.0 = Release|Any CPU
	EndGlobalSection
	GlobalSection(SolutionProperties) = preSolution
		HideSolutionNode = FALSE
	EndGlobalSection
	GlobalSection(ExtensibilityGlobals) = postSolution
		SolutionGuid = {A2054146-5C5F-4062-A5DF-C1350A2C592B}
	EndGlobalSection
EndGlobal
